// !$*UTF8*$!
{
	archiveVersion = 1;
	classes = {
	};
	objectVersion = 55;
	objects = {

/* Begin PBXBuildFile section */
		6B6A2AC7284A8662009435F1 /* ActivityDetail.swift in Sources */ = {isa = PBXBuildFile; fileRef = 6B6A2AC6284A8662009435F1 /* ActivityDetail.swift */; };
		9B3B7680284A527F00A682E3 /* testuiApp.swift in Sources */ = {isa = PBXBuildFile; fileRef = 9B3B767F284A527F00A682E3 /* testuiApp.swift */; };
		9B3B7682284A527F00A682E3 /* ContentView.swift in Sources */ = {isa = PBXBuildFile; fileRef = 9B3B7681284A527F00A682E3 /* ContentView.swift */; };
		9B3B7684284A528100A682E3 /* Assets.xcassets in Resources */ = {isa = PBXBuildFile; fileRef = 9B3B7683284A528100A682E3 /* Assets.xcassets */; };
		9B3B7687284A528100A682E3 /* Preview Assets.xcassets in Resources */ = {isa = PBXBuildFile; fileRef = 9B3B7686284A528100A682E3 /* Preview Assets.xcassets */; };
		9B3B7691284A528200A682E3 /* testuiTests.swift in Sources */ = {isa = PBXBuildFile; fileRef = 9B3B7690284A528200A682E3 /* testuiTests.swift */; };
		9B3B769B284A528200A682E3 /* testuiUITests.swift in Sources */ = {isa = PBXBuildFile; fileRef = 9B3B769A284A528200A682E3 /* testuiUITests.swift */; };
		9B3B769D284A528200A682E3 /* testuiUITestsLaunchTests.swift in Sources */ = {isa = PBXBuildFile; fileRef = 9B3B769C284A528200A682E3 /* testuiUITestsLaunchTests.swift */; };
		9B3B76B0284A67B700A682E3 /* PersonSecondUIView.swift in Sources */ = {isa = PBXBuildFile; fileRef = 9B3B76AF284A67B700A682E3 /* PersonSecondUIView.swift */; };
/* End PBXBuildFile section */

/* Begin PBXContainerItemProxy section */
		9B3B768D284A528200A682E3 /* PBXContainerItemProxy */ = {
			isa = PBXContainerItemProxy;
			containerPortal = 9B3B7674284A527E00A682E3 /* Project object */;
			proxyType = 1;
			remoteGlobalIDString = 9B3B767B284A527F00A682E3;
			remoteInfo = testui;
		};
		9B3B7697284A528200A682E3 /* PBXContainerItemProxy */ = {
			isa = PBXContainerItemProxy;
			containerPortal = 9B3B7674284A527E00A682E3 /* Project object */;
			proxyType = 1;
			remoteGlobalIDString = 9B3B767B284A527F00A682E3;
			remoteInfo = testui;
		};
/* End PBXContainerItemProxy section */

/* Begin PBXFileReference section */
		6B6A2AC6284A8662009435F1 /* ActivityDetail.swift */ = {isa = PBXFileReference; lastKnownFileType = sourcecode.swift; path = ActivityDetail.swift; sourceTree = "<group>"; };
		9B3B767C284A527F00A682E3 /* testui.app */ = {isa = PBXFileReference; explicitFileType = wrapper.application; includeInIndex = 0; path = testui.app; sourceTree = BUILT_PRODUCTS_DIR; };
		9B3B767F284A527F00A682E3 /* testuiApp.swift */ = {isa = PBXFileReference; lastKnownFileType = sourcecode.swift; path = testuiApp.swift; sourceTree = "<group>"; };
		9B3B7681284A527F00A682E3 /* ContentView.swift */ = {isa = PBXFileReference; lastKnownFileType = sourcecode.swift; path = ContentView.swift; sourceTree = "<group>"; };
		9B3B7683284A528100A682E3 /* Assets.xcassets */ = {isa = PBXFileReference; lastKnownFileType = folder.assetcatalog; path = Assets.xcassets; sourceTree = "<group>"; };
		9B3B7686284A528100A682E3 /* Preview Assets.xcassets */ = {isa = PBXFileReference; lastKnownFileType = folder.assetcatalog; path = "Preview Assets.xcassets"; sourceTree = "<group>"; };
		9B3B768C284A528200A682E3 /* testuiTests.xctest */ = {isa = PBXFileReference; explicitFileType = wrapper.cfbundle; includeInIndex = 0; path = testuiTests.xctest; sourceTree = BUILT_PRODUCTS_DIR; };
		9B3B7690284A528200A682E3 /* testuiTests.swift */ = {isa = PBXFileReference; lastKnownFileType = sourcecode.swift; path = testuiTests.swift; sourceTree = "<group>"; };
		9B3B7696284A528200A682E3 /* testuiUITests.xctest */ = {isa = PBXFileReference; explicitFileType = wrapper.cfbundle; includeInIndex = 0; path = testuiUITests.xctest; sourceTree = BUILT_PRODUCTS_DIR; };
		9B3B769A284A528200A682E3 /* testuiUITests.swift */ = {isa = PBXFileReference; lastKnownFileType = sourcecode.swift; path = testuiUITests.swift; sourceTree = "<group>"; };
		9B3B769C284A528200A682E3 /* testuiUITestsLaunchTests.swift */ = {isa = PBXFileReference; lastKnownFileType = sourcecode.swift; path = testuiUITestsLaunchTests.swift; sourceTree = "<group>"; };
		9B3B76AF284A67B700A682E3 /* PersonSecondUIView.swift */ = {isa = PBXFileReference; lastKnownFileType = sourcecode.swift; path = PersonSecondUIView.swift; sourceTree = "<group>"; };
/* End PBXFileReference section */

/* Begin PBXFrameworksBuildPhase section */
		9B3B7679284A527F00A682E3 /* Frameworks */ = {
			isa = PBXFrameworksBuildPhase;
			buildActionMask = 2147483647;
			files = (
			);
			runOnlyForDeploymentPostprocessing = 0;
		};
		9B3B7689284A528200A682E3 /* Frameworks */ = {
			isa = PBXFrameworksBuildPhase;
			buildActionMask = 2147483647;
			files = (
			);
			runOnlyForDeploymentPostprocessing = 0;
		};
		9B3B7693284A528200A682E3 /* Frameworks */ = {
			isa = PBXFrameworksBuildPhase;
			buildActionMask = 2147483647;
			files = (
			);
			runOnlyForDeploymentPostprocessing = 0;
		};
/* End PBXFrameworksBuildPhase section */

/* Begin PBXGroup section */
		9B3B7673284A527E00A682E3 = {
			isa = PBXGroup;
			children = (
				9B3B767E284A527F00A682E3 /* testui */,
				9B3B768F284A528200A682E3 /* testuiTests */,
				9B3B7699284A528200A682E3 /* testuiUITests */,
				9B3B767D284A527F00A682E3 /* Products */,
			);
			sourceTree = "<group>";
		};
		9B3B767D284A527F00A682E3 /* Products */ = {
			isa = PBXGroup;
			children = (
				9B3B767C284A527F00A682E3 /* testui.app */,
				9B3B768C284A528200A682E3 /* testuiTests.xctest */,
				9B3B7696284A528200A682E3 /* testuiUITests.xctest */,
			);
			name = Products;
			sourceTree = "<group>";
		};
		9B3B767E284A527F00A682E3 /* testui */ = {
			isa = PBXGroup;
			children = (
				9B3B767F284A527F00A682E3 /* testuiApp.swift */,
				9B3B7681284A527F00A682E3 /* ContentView.swift */,
				9B3B7683284A528100A682E3 /* Assets.xcassets */,
				9B3B7685284A528100A682E3 /* Preview Content */,
				6B6A2AC6284A8662009435F1 /* ActivityDetail.swift */,
				9B3B76AF284A67B700A682E3 /* PersonSecondUIView.swift */,
			);
			path = testui;
			sourceTree = "<group>";
		};
		9B3B7685284A528100A682E3 /* Preview Content */ = {
			isa = PBXGroup;
			children = (
				9B3B7686284A528100A682E3 /* Preview Assets.xcassets */,
			);
			path = "Preview Content";
			sourceTree = "<group>";
		};
		9B3B768F284A528200A682E3 /* testuiTests */ = {
			isa = PBXGroup;
			children = (
				9B3B7690284A528200A682E3 /* testuiTests.swift */,
			);
			path = testuiTests;
			sourceTree = "<group>";
		};
		9B3B7699284A528200A682E3 /* testuiUITests */ = {
			isa = PBXGroup;
			children = (
				9B3B769A284A528200A682E3 /* testuiUITests.swift */,
				9B3B769C284A528200A682E3 /* testuiUITestsLaunchTests.swift */,
			);
			path = testuiUITests;
			sourceTree = "<group>";
		};
/* End PBXGroup section */

/* Begin PBXNativeTarget section */
		9B3B767B284A527F00A682E3 /* testui */ = {
			isa = PBXNativeTarget;
			buildConfigurationList = 9B3B76A0284A528200A682E3 /* Build configuration list for PBXNativeTarget "testui" */;
			buildPhases = (
				9B3B7678284A527F00A682E3 /* Sources */,
				9B3B7679284A527F00A682E3 /* Frameworks */,
				9B3B767A284A527F00A682E3 /* Resources */,
			);
			buildRules = (
			);
			dependencies = (
			);
			name = testui;
			productName = testui;
			productReference = 9B3B767C284A527F00A682E3 /* testui.app */;
			productType = "com.apple.product-type.application";
		};
		9B3B768B284A528200A682E3 /* testuiTests */ = {
			isa = PBXNativeTarget;
			buildConfigurationList = 9B3B76A3284A528200A682E3 /* Build configuration list for PBXNativeTarget "testuiTests" */;
			buildPhases = (
				9B3B7688284A528200A682E3 /* Sources */,
				9B3B7689284A528200A682E3 /* Frameworks */,
				9B3B768A284A528200A682E3 /* Resources */,
			);
			buildRules = (
			);
			dependencies = (
				9B3B768E284A528200A682E3 /* PBXTargetDependency */,
			);
			name = testuiTests;
			productName = testuiTests;
			productReference = 9B3B768C284A528200A682E3 /* testuiTests.xctest */;
			productType = "com.apple.product-type.bundle.unit-test";
		};
		9B3B7695284A528200A682E3 /* testuiUITests */ = {
			isa = PBXNativeTarget;
			buildConfigurationList = 9B3B76A6284A528200A682E3 /* Build configuration list for PBXNativeTarget "testuiUITests" */;
			buildPhases = (
				9B3B7692284A528200A682E3 /* Sources */,
				9B3B7693284A528200A682E3 /* Frameworks */,
				9B3B7694284A528200A682E3 /* Resources */,
			);
			buildRules = (
			);
			dependencies = (
				9B3B7698284A528200A682E3 /* PBXTargetDependency */,
			);
			name = testuiUITests;
			productName = testuiUITests;
			productReference = 9B3B7696284A528200A682E3 /* testuiUITests.xctest */;
			productType = "com.apple.product-type.bundle.ui-testing";
		};
/* End PBXNativeTarget section */

/* Begin PBXProject section */
		9B3B7674284A527E00A682E3 /* Project object */ = {
			isa = PBXProject;
			attributes = {
				BuildIndependentTargetsInParallel = 1;
				LastSwiftUpdateCheck = 1340;
				LastUpgradeCheck = 1340;
				TargetAttributes = {
					9B3B767B284A527F00A682E3 = {
						CreatedOnToolsVersion = 13.4.1;
					};
					9B3B768B284A528200A682E3 = {
						CreatedOnToolsVersion = 13.4.1;
						TestTargetID = 9B3B767B284A527F00A682E3;
					};
					9B3B7695284A528200A682E3 = {
						CreatedOnToolsVersion = 13.4.1;
						TestTargetID = 9B3B767B284A527F00A682E3;
					};
				};
			};
			buildConfigurationList = 9B3B7677284A527E00A682E3 /* Build configuration list for PBXProject "testui" */;
			compatibilityVersion = "Xcode 13.0";
			developmentRegion = en;
			hasScannedForEncodings = 0;
			knownRegions = (
				en,
				Base,
			);
			mainGroup = 9B3B7673284A527E00A682E3;
			productRefGroup = 9B3B767D284A527F00A682E3 /* Products */;
			projectDirPath = "";
			projectRoot = "";
			targets = (
				9B3B767B284A527F00A682E3 /* testui */,
				9B3B768B284A528200A682E3 /* testuiTests */,
				9B3B7695284A528200A682E3 /* testuiUITests */,
			);
		};
/* End PBXProject section */

/* Begin PBXResourcesBuildPhase section */
		9B3B767A284A527F00A682E3 /* Resources */ = {
			isa = PBXResourcesBuildPhase;
			buildActionMask = 2147483647;
			files = (
				9B3B7687284A528100A682E3 /* Preview Assets.xcassets in Resources */,
				9B3B7684284A528100A682E3 /* Assets.xcassets in Resources */,
			);
			runOnlyForDeploymentPostprocessing = 0;
		};
		9B3B768A284A528200A682E3 /* Resources */ = {
			isa = PBXResourcesBuildPhase;
			buildActionMask = 2147483647;
			files = (
			);
			runOnlyForDeploymentPostprocessing = 0;
		};
		9B3B7694284A528200A682E3 /* Resources */ = {
			isa = PBXResourcesBuildPhase;
			buildActionMask = 2147483647;
			files = (
			);
			runOnlyForDeploymentPostprocessing = 0;
		};
/* End PBXResourcesBuildPhase section */

/* Begin PBXSourcesBuildPhase section */
		9B3B7678284A527F00A682E3 /* Sources */ = {
			isa = PBXSourcesBuildPhase;
			buildActionMask = 2147483647;
			files = (
				9B3B7682284A527F00A682E3 /* ContentView.swift in Sources */,
				6B6A2AC7284A8662009435F1 /* ActivityDetail.swift in Sources */,
				9B3B7680284A527F00A682E3 /* testuiApp.swift in Sources */,
				9B3B76B0284A67B700A682E3 /* PersonSecondUIView.swift in Sources */,
			);
			runOnlyForDeploymentPostprocessing = 0;
		};
		9B3B7688284A528200A682E3 /* Sources */ = {
			isa = PBXSourcesBuildPhase;
			buildActionMask = 2147483647;
			files = (
				9B3B7691284A528200A682E3 /* testuiTests.swift in Sources */,
			);
			runOnlyForDeploymentPostprocessing = 0;
		};
		9B3B7692284A528200A682E3 /* Sources */ = {
			isa = PBXSourcesBuildPhase;
			buildActionMask = 2147483647;
			files = (
				9B3B769D284A528200A682E3 /* testuiUITestsLaunchTests.swift in Sources */,
				9B3B769B284A528200A682E3 /* testuiUITests.swift in Sources */,
			);
			runOnlyForDeploymentPostprocessing = 0;
		};
/* End PBXSourcesBuildPhase section */

/* Begin PBXTargetDependency section */
		9B3B768E284A528200A682E3 /* PBXTargetDependency */ = {
			isa = PBXTargetDependency;
			target = 9B3B767B284A527F00A682E3 /* testui */;
			targetProxy = 9B3B768D284A528200A682E3 /* PBXContainerItemProxy */;
		};
		9B3B7698284A528200A682E3 /* PBXTargetDependency */ = {
			isa = PBXTargetDependency;
			target = 9B3B767B284A527F00A682E3 /* testui */;
			targetProxy = 9B3B7697284A528200A682E3 /* PBXContainerItemProxy */;
		};
/* End PBXTargetDependency section */

/* Begin XCBuildConfiguration section */
		9B3B769E284A528200A682E3 /* Debug */ = {
			isa = XCBuildConfiguration;
			buildSettings = {
				ALWAYS_SEARCH_USER_PATHS = NO;
				CLANG_ANALYZER_NONNULL = YES;
				CLANG_ANALYZER_NUMBER_OBJECT_CONVERSION = YES_AGGRESSIVE;
				CLANG_CXX_LANGUAGE_STANDARD = "gnu++17";
				CLANG_ENABLE_MODULES = YES;
				CLANG_ENABLE_OBJC_ARC = YES;
				CLANG_ENABLE_OBJC_WEAK = YES;
				CLANG_WARN_BLOCK_CAPTURE_AUTORELEASING = YES;
				CLANG_WARN_BOOL_CONVERSION = YES;
				CLANG_WARN_COMMA = YES;
				CLANG_WARN_CONSTANT_CONVERSION = YES;
				CLANG_WARN_DEPRECATED_OBJC_IMPLEMENTATIONS = YES;
				CLANG_WARN_DIRECT_OBJC_ISA_USAGE = YES_ERROR;
				CLANG_WARN_DOCUMENTATION_COMMENTS = YES;
				CLANG_WARN_EMPTY_BODY = YES;
				CLANG_WARN_ENUM_CONVERSION = YES;
				CLANG_WARN_INFINITE_RECURSION = YES;
				CLANG_WARN_INT_CONVERSION = YES;
				CLANG_WARN_NON_LITERAL_NULL_CONVERSION = YES;
				CLANG_WARN_OBJC_IMPLICIT_RETAIN_SELF = YES;
				CLANG_WARN_OBJC_LITERAL_CONVERSION = YES;
				CLANG_WARN_OBJC_ROOT_CLASS = YES_ERROR;
				CLANG_WARN_QUOTED_INCLUDE_IN_FRAMEWORK_HEADER = YES;
				CLANG_WARN_RANGE_LOOP_ANALYSIS = YES;
				CLANG_WARN_STRICT_PROTOTYPES = YES;
				CLANG_WARN_SUSPICIOUS_MOVE = YES;
				CLANG_WARN_UNGUARDED_AVAILABILITY = YES_AGGRESSIVE;
				CLANG_WARN_UNREACHABLE_CODE = YES;
				CLANG_WARN__DUPLICATE_METHOD_MATCH = YES;
				COPY_PHASE_STRIP = NO;
				DEBUG_INFORMATION_FORMAT = dwarf;
				ENABLE_STRICT_OBJC_MSGSEND = YES;
				ENABLE_TESTABILITY = YES;
				GCC_C_LANGUAGE_STANDARD = gnu11;
				GCC_DYNAMIC_NO_PIC = NO;
				GCC_NO_COMMON_BLOCKS = YES;
				GCC_OPTIMIZATION_LEVEL = 0;
				GCC_PREPROCESSOR_DEFINITIONS = (
					"DEBUG=1",
					"$(inherited)",
				);
				GCC_WARN_64_TO_32_BIT_CONVERSION = YES;
				GCC_WARN_ABOUT_RETURN_TYPE = YES_ERROR;
				GCC_WARN_UNDECLARED_SELECTOR = YES;
				GCC_WARN_UNINITIALIZED_AUTOS = YES_AGGRESSIVE;
				GCC_WARN_UNUSED_FUNCTION = YES;
				GCC_WARN_UNUSED_VARIABLE = YES;
				IPHONEOS_DEPLOYMENT_TARGET = 15.5;
				MTL_ENABLE_DEBUG_INFO = INCLUDE_SOURCE;
				MTL_FAST_MATH = YES;
				ONLY_ACTIVE_ARCH = YES;
				SDKROOT = iphoneos;
				SWIFT_ACTIVE_COMPILATION_CONDITIONS = DEBUG;
				SWIFT_OPTIMIZATION_LEVEL = "-Onone";
			};
			name = Debug;
		};
		9B3B769F284A528200A682E3 /* Release */ = {
			isa = XCBuildConfiguration;
			buildSettings = {
				ALWAYS_SEARCH_USER_PATHS = NO;
				CLANG_ANALYZER_NONNULL = YES;
				CLANG_ANALYZER_NUMBER_OBJECT_CONVERSION = YES_AGGRESSIVE;
				CLANG_CXX_LANGUAGE_STANDARD = "gnu++17";
				CLANG_ENABLE_MODULES = YES;
				CLANG_ENABLE_OBJC_ARC = YES;
				CLANG_ENABLE_OBJC_WEAK = YES;
				CLANG_WARN_BLOCK_CAPTURE_AUTORELEASING = YES;
				CLANG_WARN_BOOL_CONVERSION = YES;
				CLANG_WARN_COMMA = YES;
				CLANG_WARN_CONSTANT_CONVERSION = YES;
				CLANG_WARN_DEPRECATED_OBJC_IMPLEMENTATIONS = YES;
				CLANG_WARN_DIRECT_OBJC_ISA_USAGE = YES_ERROR;
				CLANG_WARN_DOCUMENTATION_COMMENTS = YES;
				CLANG_WARN_EMPTY_BODY = YES;
				CLANG_WARN_ENUM_CONVERSION = YES;
				CLANG_WARN_INFINITE_RECURSION = YES;
				CLANG_WARN_INT_CONVERSION = YES;
				CLANG_WARN_NON_LITERAL_NULL_CONVERSION = YES;
				CLANG_WARN_OBJC_IMPLICIT_RETAIN_SELF = YES;
				CLANG_WARN_OBJC_LITERAL_CONVERSION = YES;
				CLANG_WARN_OBJC_ROOT_CLASS = YES_ERROR;
				CLANG_WARN_QUOTED_INCLUDE_IN_FRAMEWORK_HEADER = YES;
				CLANG_WARN_RANGE_LOOP_ANALYSIS = YES;
				CLANG_WARN_STRICT_PROTOTYPES = YES;
				CLANG_WARN_SUSPICIOUS_MOVE = YES;
				CLANG_WARN_UNGUARDED_AVAILABILITY = YES_AGGRESSIVE;
				CLANG_WARN_UNREACHABLE_CODE = YES;
				CLANG_WARN__DUPLICATE_METHOD_MATCH = YES;
				COPY_PHASE_STRIP = NO;
				DEBUG_INFORMATION_FORMAT = "dwarf-with-dsym";
				ENABLE_NS_ASSERTIONS = NO;
				ENABLE_STRICT_OBJC_MSGSEND = YES;
				GCC_C_LANGUAGE_STANDARD = gnu11;
				GCC_NO_COMMON_BLOCKS = YES;
				GCC_WARN_64_TO_32_BIT_CONVERSION = YES;
				GCC_WARN_ABOUT_RETURN_TYPE = YES_ERROR;
				GCC_WARN_UNDECLARED_SELECTOR = YES;
				GCC_WARN_UNINITIALIZED_AUTOS = YES_AGGRESSIVE;
				GCC_WARN_UNUSED_FUNCTION = YES;
				GCC_WARN_UNUSED_VARIABLE = YES;
				IPHONEOS_DEPLOYMENT_TARGET = 15.5;
				MTL_ENABLE_DEBUG_INFO = NO;
				MTL_FAST_MATH = YES;
				SDKROOT = iphoneos;
				SWIFT_COMPILATION_MODE = wholemodule;
				SWIFT_OPTIMIZATION_LEVEL = "-O";
				VALIDATE_PRODUCT = YES;
			};
			name = Release;
		};
		9B3B76A1284A528200A682E3 /* Debug */ = {
			isa = XCBuildConfiguration;
			buildSettings = {
				ASSETCATALOG_COMPILER_APPICON_NAME = AppIcon;
				ASSETCATALOG_COMPILER_GLOBAL_ACCENT_COLOR_NAME = AccentColor;
				CODE_SIGN_STYLE = Automatic;
				CURRENT_PROJECT_VERSION = 1;
				DEVELOPMENT_ASSET_PATHS = "\"testui/Preview Content\"";
				ENABLE_PREVIEWS = YES;
				GENERATE_INFOPLIST_FILE = YES;
				INFOPLIST_KEY_UIApplicationSceneManifest_Generation = YES;
				INFOPLIST_KEY_UIApplicationSupportsIndirectInputEvents = YES;
				INFOPLIST_KEY_UILaunchScreen_Generation = YES;
				INFOPLIST_KEY_UISupportedInterfaceOrientations_iPad = "UIInterfaceOrientationPortrait UIInterfaceOrientationPortraitUpsideDown UIInterfaceOrientationLandscapeLeft UIInterfaceOrientationLandscapeRight";
				INFOPLIST_KEY_UISupportedInterfaceOrientations_iPhone = "UIInterfaceOrientationPortrait UIInterfaceOrientationLandscapeLeft UIInterfaceOrientationLandscapeRight";
				LD_RUNPATH_SEARCH_PATHS = (
					"$(inherited)",
					"@executable_path/Frameworks",
				);
				MARKETING_VERSION = 1.0;
				PRODUCT_BUNDLE_IDENTIFIER = comtest.testui;
				PRODUCT_NAME = "$(TARGET_NAME)";
				SWIFT_EMIT_LOC_STRINGS = YES;
				SWIFT_VERSION = 5.0;
				TARGETED_DEVICE_FAMILY = "1,2";
			};
			name = Debug;
		};
		9B3B76A2284A528200A682E3 /* Release */ = {
			isa = XCBuildConfiguration;
			buildSettings = {
				ASSETCATALOG_COMPILER_APPICON_NAME = AppIcon;
				ASSETCATALOG_COMPILER_GLOBAL_ACCENT_COLOR_NAME = AccentColor;
				CODE_SIGN_STYLE = Automatic;
				CURRENT_PROJECT_VERSION = 1;
				DEVELOPMENT_ASSET_PATHS = "\"testui/Preview Content\"";
				ENABLE_PREVIEWS = YES;
				GENERATE_INFOPLIST_FILE = YES;
				INFOPLIST_KEY_UIApplicationSceneManifest_Generation = YES;
				INFOPLIST_KEY_UIApplicationSupportsIndirectInputEvents = YES;
				INFOPLIST_KEY_UILaunchScreen_Generation = YES;
				INFOPLIST_KEY_UISupportedInterfaceOrientations_iPad = "UIInterfaceOrientationPortrait UIInterfaceOrientationPortraitUpsideDown UIInterfaceOrientationLandscapeLeft UIInterfaceOrientationLandscapeRight";
				INFOPLIST_KEY_UISupportedInterfaceOrientations_iPhone = "UIInterfaceOrientationPortrait UIInterfaceOrientationLandscapeLeft UIInterfaceOrientationLandscapeRight";
				LD_RUNPATH_SEARCH_PATHS = (
					"$(inherited)",
					"@executable_path/Frameworks",
				);
				MARKETING_VERSION = 1.0;
				PRODUCT_BUNDLE_IDENTIFIER = comtest.testui;
				PRODUCT_NAME = "$(TARGET_NAME)";
				SWIFT_EMIT_LOC_STRINGS = YES;
				SWIFT_VERSION = 5.0;
				TARGETED_DEVICE_FAMILY = "1,2";
			};
			name = Release;
		};
		9B3B76A4284A528200A682E3 /* Debug */ = {
			isa = XCBuildConfiguration;
			buildSettings = {
				ALWAYS_EMBED_SWIFT_STANDARD_LIBRARIES = YES;
				BUNDLE_LOADER = "$(TEST_HOST)";
				CODE_SIGN_STYLE = Automatic;
				CURRENT_PROJECT_VERSION = 1;
				GENERATE_INFOPLIST_FILE = YES;
				IPHONEOS_DEPLOYMENT_TARGET = 15.5;
				MARKETING_VERSION = 1.0;
				PRODUCT_BUNDLE_IDENTIFIER = comtest.testuiTests;
				PRODUCT_NAME = "$(TARGET_NAME)";
				SWIFT_EMIT_LOC_STRINGS = NO;
				SWIFT_VERSION = 5.0;
				TARGETED_DEVICE_FAMILY = "1,2";
				TEST_HOST = "$(BUILT_PRODUCTS_DIR)/testui.app/testui";
			};
			name = Debug;
		};
		9B3B76A5284A528200A682E3 /* Release */ = {
			isa = XCBuildConfiguration;
			buildSettings = {
				ALWAYS_EMBED_SWIFT_STANDARD_LIBRARIES = YES;
				BUNDLE_LOADER = "$(TEST_HOST)";
				CODE_SIGN_STYLE = Automatic;
				CURRENT_PROJECT_VERSION = 1;
				GENERATE_INFOPLIST_FILE = YES;
				IPHONEOS_DEPLOYMENT_TARGET = 15.5;
				MARKETING_VERSION = 1.0;
				PRODUCT_BUNDLE_IDENTIFIER = comtest.testuiTests;
				PRODUCT_NAME = "$(TARGET_NAME)";
				SWIFT_EMIT_LOC_STRINGS = NO;
				SWIFT_VERSION = 5.0;
				TARGETED_DEVICE_FAMILY = "1,2";
				TEST_HOST = "$(BUILT_PRODUCTS_DIR)/testui.app/testui";
			};
			name = Release;
		};
		9B3B76A7284A528200A682E3 /* Debug */ = {
			isa = XCBuildConfiguration;
			buildSettings = {
				ALWAYS_EMBED_SWIFT_STANDARD_LIBRARIES = YES;
				CODE_SIGN_STYLE = Automatic;
				CURRENT_PROJECT_VERSION = 1;
				GENERATE_INFOPLIST_FILE = YES;
				MARKETING_VERSION = 1.0;
				PRODUCT_BUNDLE_IDENTIFIER = comtest.testuiUITests;
				PRODUCT_NAME = "$(TARGET_NAME)";
				SWIFT_EMIT_LOC_STRINGS = NO;
				SWIFT_VERSION = 5.0;
				TARGETED_DEVICE_FAMILY = "1,2";
				TEST_TARGET_NAME = testui;
			};
			name = Debug;
		};
		9B3B76A8284A528200A682E3 /* Release */ = {
			isa = XCBuildConfiguration;
			buildSettings = {
				ALWAYS_EMBED_SWIFT_STANDARD_LIBRARIES = YES;
				CODE_SIGN_STYLE = Automatic;
				CURRENT_PROJECT_VERSION = 1;
				GENERATE_INFOPLIST_FILE = YES;
				MARKETING_VERSION = 1.0;
				PRODUCT_BUNDLE_IDENTIFIER = comtest.testuiUITests;
				PRODUCT_NAME = "$(TARGET_NAME)";
				SWIFT_EMIT_LOC_STRINGS = NO;
				SWIFT_VERSION = 5.0;
				TARGETED_DEVICE_FAMILY = "1,2";
				TEST_TARGET_NAME = testui;
			};
			name = Release;
		};
/* End XCBuildConfiguration section */

/* Begin XCConfigurationList section */
		9B3B7677284A527E00A682E3 /* Build configuration list for PBXProject "testui" */ = {
			isa = XCConfigurationList;
			buildConfigurations = (
				9B3B769E284A528200A682E3 /* Debug */,
				9B3B769F284A528200A682E3 /* Release */,
			);
			defaultConfigurationIsVisible = 0;
			defaultConfigurationName = Release;
		};
		9B3B76A0284A528200A682E3 /* Build configuration list for PBXNativeTarget "testui" */ = {
			isa = XCConfigurationList;
			buildConfigurations = (
				9B3B76A1284A528200A682E3 /* Debug */,
				9B3B76A2284A528200A682E3 /* Release */,
			);
			defaultConfigurationIsVisible = 0;
			defaultConfigurationName = Release;
		};
		9B3B76A3284A528200A682E3 /* Build configuration list for PBXNativeTarget "testuiTests" */ = {
			isa = XCConfigurationList;
			buildConfigurations = (
				9B3B76A4284A528200A682E3 /* Debug */,
				9B3B76A5284A528200A682E3 /* Release */,
			);
			defaultConfigurationIsVisible = 0;
			defaultConfigurationName = Release;
		};
		9B3B76A6284A528200A682E3 /* Build configuration list for PBXNativeTarget "testuiUITests" */ = {
			isa = XCConfigurationList;
			buildConfigurations = (
				9B3B76A7284A528200A682E3 /* Debug */,
				9B3B76A8284A528200A682E3 /* Release */,
			);
			defaultConfigurationIsVisible = 0;
			defaultConfigurationName = Release;
		};
/* End XCConfigurationList section */
	};
	rootObject = 9B3B7674284A527E00A682E3 /* Project object */;
}
